
Microsoft Visual Studio Solution File, Format Version 12.00
# Visual Studio Version 16
VisualStudioVersion = 16.0.29123.88
MinimumVisualStudioVersion = 10.0.40219.1
Project("{FAE04EC0-301F-11D3-BF4B-00C04F79EFBC}") = "ExceptionsProject", "ExceptionsProject\ExceptionsProject.csproj", "{81C0B5C1-F477-4C55-A4D8-E4F3E8673118}"
EndProject
Global
	GlobalSection(SolutionConfigurationPlatforms) = preSolution
		Debug|Any CPU = Debug|Any CPU
		Release|Any CPU = Release|Any CPU
	EndGlobalSection
	GlobalSection(ProjectConfigurationPlatforms) = postSolution
		{81C0B5C1-F477-4C55-A4D8-E4F3E8673118}.Debug|Any CPU.ActiveCfg = Debug|Any CPU
		{81C0B5C1-F477-4C55-A4D8-E4F3E8673118}.Debug|Any CPU.Build.0 = Debug|Any CPU
		{81C0B5C1-F477-4C55-A4D8-E4F3E8673118}.Release|Any CPU.ActiveCfg = Release|Any CPU
		{81C0B5C1-F477-4C55-A4D8-E4F3E8673118}.Release|Any CPU.Build.0 = Release|Any CPU
	EndGlobalSection
	GlobalSection(SolutionProperties) = preSolution
		HideSolutionNode = FALSE
	EndGlobalSection
	GlobalSection(ExtensibilityGlobals) = postSolution
		SolutionGuid = {233810C4-13C6-4C02-ACA3-47E58E93A057}
	EndGlobalSection
EndGlobal
